
Microsoft Visual Studio Solution File, Format Version 12.00
# Visual Studio Version 16
VisualStudioVersion = 16.0.30611.23
MinimumVisualStudioVersion = 10.0.40219.1
Project("{9A19103F-16F7-4668-BE54-9A1E7A4F7556}") = "CodeFirst", "CodeFirst\CodeFirst.csproj", "{4944CFD8-A679-4C12-AE07-507022C92879}"
EndProject
Project("{9A19103F-16F7-4668-BE54-9A1E7A4F7556}") = "Library_SQL", "Library_SQL\Library_SQL.csproj", "{4D9B1D7A-F09A-4FAD-AFE2-4857A86BE9A7}"
EndProject
Project("{9A19103F-16F7-4668-BE54-9A1E7A4F7556}") = "DB_first", "DB_first\DB_first.csproj", "{BFD92D04-6495-45A1-8309-A771E43EFB32}"
EndProject
Project("{FAE04EC0-301F-11D3-BF4B-00C04F79EFBC}") = "Cosmos_DB", "Cosmos_DB\Cosmos_DB.csproj", "{8ADE8D5C-DB95-48C1-BC8D-68AA58F496DF}"
EndProject
Project("{FAE04EC0-301F-11D3-BF4B-00C04F79EFBC}") = "SQLite", "SQLite\SQLite.csproj", "{7CBA741D-90B3-4C15-9355-7F171840A406}"
EndProject
Global
	GlobalSection(SolutionConfigurationPlatforms) = preSolution
		Debug|Any CPU = Debug|Any CPU
		Release|Any CPU = Release|Any CPU
	EndGlobalSection
	GlobalSection(ProjectConfigurationPlatforms) = postSolution
		{4944CFD8-A679-4C12-AE07-507022C92879}.Debug|Any CPU.ActiveCfg = Debug|Any CPU
		{4944CFD8-A679-4C12-AE07-507022C92879}.Debug|Any CPU.Build.0 = Debug|Any CPU
		{4944CFD8-A679-4C12-AE07-507022C92879}.Release|Any CPU.ActiveCfg = Release|Any CPU
		{4944CFD8-A679-4C12-AE07-507022C92879}.Release|Any CPU.Build.0 = Release|Any CPU
		{4D9B1D7A-F09A-4FAD-AFE2-4857A86BE9A7}.Debug|Any CPU.ActiveCfg = Debug|Any CPU
		{4D9B1D7A-F09A-4FAD-AFE2-4857A86BE9A7}.Debug|Any CPU.Build.0 = Debug|Any CPU
		{4D9B1D7A-F09A-4FAD-AFE2-4857A86BE9A7}.Release|Any CPU.ActiveCfg = Release|Any CPU
		{4D9B1D7A-F09A-4FAD-AFE2-4857A86BE9A7}.Release|Any CPU.Build.0 = Release|Any CPU
		{BFD92D04-6495-45A1-8309-A771E43EFB32}.Debug|Any CPU.ActiveCfg = Debug|Any CPU
		{BFD92D04-6495-45A1-8309-A771E43EFB32}.Debug|Any CPU.Build.0 = Debug|Any CPU
		{BFD92D04-6495-45A1-8309-A771E43EFB32}.Release|Any CPU.ActiveCfg = Release|Any CPU
		{BFD92D04-6495-45A1-8309-A771E43EFB32}.Release|Any CPU.Build.0 = Release|Any CPU
		{8ADE8D5C-DB95-48C1-BC8D-68AA58F496DF}.Debug|Any CPU.ActiveCfg = Debug|Any CPU
		{8ADE8D5C-DB95-48C1-BC8D-68AA58F496DF}.Debug|Any CPU.Build.0 = Debug|Any CPU
		{8ADE8D5C-DB95-48C1-BC8D-68AA58F496DF}.Release|Any CPU.ActiveCfg = Release|Any CPU
		{8ADE8D5C-DB95-48C1-BC8D-68AA58F496DF}.Release|Any CPU.Build.0 = Release|Any CPU
		{7CBA741D-90B3-4C15-9355-7F171840A406}.Debug|Any CPU.ActiveCfg = Debug|Any CPU
		{7CBA741D-90B3-4C15-9355-7F171840A406}.Debug|Any CPU.Build.0 = Debug|Any CPU
		{7CBA741D-90B3-4C15-9355-7F171840A406}.Release|Any CPU.ActiveCfg = Release|Any CPU
		{7CBA741D-90B3-4C15-9355-7F171840A406}.Release|Any CPU.Build.0 = Release|Any CPU
	EndGlobalSection
	GlobalSection(SolutionProperties) = preSolution
		HideSolutionNode = FALSE
	EndGlobalSection
	GlobalSection(ExtensibilityGlobals) = postSolution
		SolutionGuid = {0765FBA1-2938-4F70-A953-23C2E535A33B}
	EndGlobalSection
EndGlobal
